
Microsoft Visual Studio Solution File, Format Version 12.00
# Visual Studio 14
VisualStudioVersion = 14.0.25420.1
MinimumVisualStudioVersion = 10.0.40219.1
Project("{FAE04EC0-301F-11D3-BF4B-00C04F79EFBC}") = "PeopleSearchAtHealthCatalyst", "PeopleSearchAtHealthCatalyst\PeopleSearchAtHealthCatalyst.csproj", "{24B2E025-8A05-4182-A329-E7DD1795957C}"
EndProject
Project("{FAE04EC0-301F-11D3-BF4B-00C04F79EFBC}") = "PeopleSearchAtHealthCatalyst.Tests", "PeopleSearchAtHealthCatalyst.Tests\PeopleSearchAtHealthCatalyst.Tests.csproj", "{45B01B1C-CFC3-4BBA-B10B-8E39557B36A7}"
EndProject
Project("{FAE04EC0-301F-11D3-BF4B-00C04F79EFBC}") = "PeopleSearchAtHealthCatalyst.Model", "PeopleSearchAtHealthCatalyst.Model\PeopleSearchAtHealthCatalyst.Model.csproj", "{AE57D64C-160D-498A-B147-622B80C7B1E8}"
EndProject
Project("{FAE04EC0-301F-11D3-BF4B-00C04F79EFBC}") = "PeopleSearchAtHealthCatalyst.Repository", "PeopleSearchAtHealthCatalyst.Repository\PeopleSearchAtHealthCatalyst.Repository.csproj", "{82B93534-A88A-48E5-8CEF-1D57E65CE2FB}"
EndProject
Global
	GlobalSection(SolutionConfigurationPlatforms) = preSolution
		Debug|Any CPU = Debug|Any CPU
		Release|Any CPU = Release|Any CPU
	EndGlobalSection
	GlobalSection(ProjectConfigurationPlatforms) = postSolution
		{24B2E025-8A05-4182-A329-E7DD1795957C}.Debug|Any CPU.ActiveCfg = Debug|Any CPU
		{24B2E025-8A05-4182-A329-E7DD1795957C}.Debug|Any CPU.Build.0 = Debug|Any CPU
		{24B2E025-8A05-4182-A329-E7DD1795957C}.Release|Any CPU.ActiveCfg = Release|Any CPU
		{24B2E025-8A05-4182-A329-E7DD1795957C}.Release|Any CPU.Build.0 = Release|Any CPU
		{45B01B1C-CFC3-4BBA-B10B-8E39557B36A7}.Debug|Any CPU.ActiveCfg = Debug|Any CPU
		{45B01B1C-CFC3-4BBA-B10B-8E39557B36A7}.Debug|Any CPU.Build.0 = Debug|Any CPU
		{45B01B1C-CFC3-4BBA-B10B-8E39557B36A7}.Release|Any CPU.ActiveCfg = Release|Any CPU
		{45B01B1C-CFC3-4BBA-B10B-8E39557B36A7}.Release|Any CPU.Build.0 = Release|Any CPU
		{AE57D64C-160D-498A-B147-622B80C7B1E8}.Debug|Any CPU.ActiveCfg = Debug|Any CPU
		{AE57D64C-160D-498A-B147-622B80C7B1E8}.Debug|Any CPU.Build.0 = Debug|Any CPU
		{AE57D64C-160D-498A-B147-622B80C7B1E8}.Release|Any CPU.ActiveCfg = Release|Any CPU
		{AE57D64C-160D-498A-B147-622B80C7B1E8}.Release|Any CPU.Build.0 = Release|Any CPU
		{82B93534-A88A-48E5-8CEF-1D57E65CE2FB}.Debug|Any CPU.ActiveCfg = Debug|Any CPU
		{82B93534-A88A-48E5-8CEF-1D57E65CE2FB}.Debug|Any CPU.Build.0 = Debug|Any CPU
		{82B93534-A88A-48E5-8CEF-1D57E65CE2FB}.Release|Any CPU.ActiveCfg = Release|Any CPU
		{82B93534-A88A-48E5-8CEF-1D57E65CE2FB}.Release|Any CPU.Build.0 = Release|Any CPU
	EndGlobalSection
	GlobalSection(SolutionProperties) = preSolution
		HideSolutionNode = FALSE
	EndGlobalSection
EndGlobal
